
Microsoft Visual Studio Solution File, Format Version 12.00
# Visual Studio Version 17
VisualStudioVersion = 17.0.31903.59
MinimumVisualStudioVersion = 10.0.40219.1
Project("{9A19103F-16F7-4668-BE54-9A1E7A4F7556}") = "aihackathon", "aihackathon\aihackathon.csproj", "{EBF00012-999A-415A-A451-691D040EB612}"
EndProject
Project("{FAE04EC0-301F-11D3-BF4B-00C04F79EFBC}") = "RepoManagement", "RepoManagement\RepoManagement.csproj", "{DE059BD6-561E-481E-AE01-E55426F26BE5}"
EndProject
Global
	GlobalSection(SolutionConfigurationPlatforms) = preSolution
		Debug|Any CPU = Debug|Any CPU
		Release|Any CPU = Release|Any CPU
	EndGlobalSection
	GlobalSection(ProjectConfigurationPlatforms) = postSolution
		{EBF00012-999A-415A-A451-691D040EB612}.Debug|Any CPU.ActiveCfg = Debug|Any CPU
		{EBF00012-999A-415A-A451-691D040EB612}.Debug|Any CPU.Build.0 = Debug|Any CPU
		{EBF00012-999A-415A-A451-691D040EB612}.Release|Any CPU.ActiveCfg = Release|Any CPU
		{EBF00012-999A-415A-A451-691D040EB612}.Release|Any CPU.Build.0 = Release|Any CPU
		{DE059BD6-561E-481E-AE01-E55426F26BE5}.Debug|Any CPU.ActiveCfg = Debug|Any CPU
		{DE059BD6-561E-481E-AE01-E55426F26BE5}.Debug|Any CPU.Build.0 = Debug|Any CPU
		{DE059BD6-561E-481E-AE01-E55426F26BE5}.Release|Any CPU.ActiveCfg = Release|Any CPU
		{DE059BD6-561E-481E-AE01-E55426F26BE5}.Release|Any CPU.Build.0 = Release|Any CPU
	EndGlobalSection
	GlobalSection(SolutionProperties) = preSolution
		HideSolutionNode = FALSE
	EndGlobalSection
	GlobalSection(ExtensibilityGlobals) = postSolution
		SolutionGuid = {90452AC5-D0A6-4F4C-9229-41E4335189F7}
	EndGlobalSection
EndGlobal
